
Microsoft Visual Studio Solution File, Format Version 12.00
# Visual Studio Version 17
VisualStudioVersion = 17.4.33205.214
MinimumVisualStudioVersion = 10.0.40219.1
Project("{FAE04EC0-301F-11D3-BF4B-00C04F79EFBC}") = "AppOrderWorker", "AppOrderWorker\AppOrderWorker.csproj", "{7B391CF6-5656-4FE5-AEB9-C9B3F2120A13}"
EndProject
Global
	GlobalSection(SolutionConfigurationPlatforms) = preSolution
		Debug|Any CPU = Debug|Any CPU
		Release|Any CPU = Release|Any CPU
	EndGlobalSection
	GlobalSection(ProjectConfigurationPlatforms) = postSolution
		{7B391CF6-5656-4FE5-AEB9-C9B3F2120A13}.Debug|Any CPU.ActiveCfg = Debug|Any CPU
		{7B391CF6-5656-4FE5-AEB9-C9B3F2120A13}.Debug|Any CPU.Build.0 = Debug|Any CPU
		{7B391CF6-5656-4FE5-AEB9-C9B3F2120A13}.Release|Any CPU.ActiveCfg = Release|Any CPU
		{7B391CF6-5656-4FE5-AEB9-C9B3F2120A13}.Release|Any CPU.Build.0 = Release|Any CPU
	EndGlobalSection
	GlobalSection(SolutionProperties) = preSolution
		HideSolutionNode = FALSE
	EndGlobalSection
	GlobalSection(ExtensibilityGlobals) = postSolution
		SolutionGuid = {437469D3-40F5-4C96-A426-286575852D9B}
	EndGlobalSection
EndGlobal
